// !$*UTF8*$!
{
	archiveVersion = 1;
	classes = {
	};
	objectVersion = 56;
	objects = {

/* Begin PBXBuildFile section */
		BE03E4AE29BC1A2500F1842C /* TwitterSwiftUITutorialApp.swift in Sources */ = {isa = PBXBuildFile; fileRef = BE03E4AD29BC1A2500F1842C /* TwitterSwiftUITutorialApp.swift */; };
		BE03E4B029BC1A2500F1842C /* ContentView.swift in Sources */ = {isa = PBXBuildFile; fileRef = BE03E4AF29BC1A2500F1842C /* ContentView.swift */; };
		BE03E4B229BC1A2800F1842C /* Assets.xcassets in Resources */ = {isa = PBXBuildFile; fileRef = BE03E4B129BC1A2800F1842C /* Assets.xcassets */; };
		BE03E4B529BC1A2800F1842C /* Preview Assets.xcassets in Resources */ = {isa = PBXBuildFile; fileRef = BE03E4B429BC1A2800F1842C /* Preview Assets.xcassets */; };
		BE03E4BF29BCC91C00F1842C /* FeedView.swift in Sources */ = {isa = PBXBuildFile; fileRef = BE03E4BE29BCC91C00F1842C /* FeedView.swift */; };
		BE03E4C129BCD54100F1842C /* TweetCell.swift in Sources */ = {isa = PBXBuildFile; fileRef = BE03E4C029BCD54100F1842C /* TweetCell.swift */; };
		BE03E4C329BCEE0400F1842C /* SearchView.swift in Sources */ = {isa = PBXBuildFile; fileRef = BE03E4C229BCEE0400F1842C /* SearchView.swift */; };
		BE03E4C729BCFB4300F1842C /* SearchBar.swift in Sources */ = {isa = PBXBuildFile; fileRef = BE03E4C629BCFB4300F1842C /* SearchBar.swift */; };
		BE03E4C929BCFE9000F1842C /* UserCell.swift in Sources */ = {isa = PBXBuildFile; fileRef = BE03E4C829BCFE9000F1842C /* UserCell.swift */; };
		BE03E4CC29BD2C4C00F1842C /* ConversationsView.swift in Sources */ = {isa = PBXBuildFile; fileRef = BE03E4CB29BD2C4C00F1842C /* ConversationsView.swift */; };
		BE03E4CE29BD2D7D00F1842C /* ConversationCell.swift in Sources */ = {isa = PBXBuildFile; fileRef = BE03E4CD29BD2D7D00F1842C /* ConversationCell.swift */; };
		BE03E4D029C11B3300F1842C /* MessageInputView.swift in Sources */ = {isa = PBXBuildFile; fileRef = BE03E4CF29C11B3300F1842C /* MessageInputView.swift */; };
		BE03E4D229C1220200F1842C /* ChatView.swift in Sources */ = {isa = PBXBuildFile; fileRef = BE03E4D129C1220200F1842C /* ChatView.swift */; };
		BE03E4D429C1555000F1842C /* ChatBubble.swift in Sources */ = {isa = PBXBuildFile; fileRef = BE03E4D329C1555000F1842C /* ChatBubble.swift */; };
		BE03E4D629C2773000F1842C /* Message.swift in Sources */ = {isa = PBXBuildFile; fileRef = BE03E4D529C2773000F1842C /* Message.swift */; };
		BE03E4D829C2C16D00F1842C /* MessageView.swift in Sources */ = {isa = PBXBuildFile; fileRef = BE03E4D729C2C16D00F1842C /* MessageView.swift */; };
		BE03E4DA29C416E600F1842C /* NewMessageView.swift in Sources */ = {isa = PBXBuildFile; fileRef = BE03E4D929C416E600F1842C /* NewMessageView.swift */; };
		BE03E4DD29C509AC00F1842C /* UserProfileView.swift in Sources */ = {isa = PBXBuildFile; fileRef = BE03E4DC29C509AC00F1842C /* UserProfileView.swift */; };
		BE03E4DF29C544CA00F1842C /* ProfileHeaderView.swift in Sources */ = {isa = PBXBuildFile; fileRef = BE03E4DE29C544CA00F1842C /* ProfileHeaderView.swift */; };
		BE03E4E129C5452900F1842C /* ProfileActionButtonView.swift in Sources */ = {isa = PBXBuildFile; fileRef = BE03E4E029C5452900F1842C /* ProfileActionButtonView.swift */; };
		BE03E4E329C5457D00F1842C /* FilterButtonView.swift in Sources */ = {isa = PBXBuildFile; fileRef = BE03E4E229C5457D00F1842C /* FilterButtonView.swift */; };
		BE03E4E629CA3E6F00F1842C /* NewTweetView.swift in Sources */ = {isa = PBXBuildFile; fileRef = BE03E4E529CA3E6F00F1842C /* NewTweetView.swift */; };
		BE03E4EA29CA543800F1842C /* TextArea.swift in Sources */ = {isa = PBXBuildFile; fileRef = BE03E4E929CA543800F1842C /* TextArea.swift */; };
		BE03E4ED29CA725400F1842C /* LoginView.swift in Sources */ = {isa = PBXBuildFile; fileRef = BE03E4EC29CA725400F1842C /* LoginView.swift */; };
		BE03E4EF29CA726500F1842C /* RegistrationView.swift in Sources */ = {isa = PBXBuildFile; fileRef = BE03E4EE29CA726500F1842C /* RegistrationView.swift */; };
		BE03E4F129CA86F900F1842C /* CustomTextField.swift in Sources */ = {isa = PBXBuildFile; fileRef = BE03E4F029CA86F900F1842C /* CustomTextField.swift */; };
		BE03E4F329CA94E800F1842C /* CustomSecureField.swift in Sources */ = {isa = PBXBuildFile; fileRef = BE03E4F229CA94E800F1842C /* CustomSecureField.swift */; };
		BEC69FDF29CC945700A317DA /* ImagePicker.swift in Sources */ = {isa = PBXBuildFile; fileRef = BEC69FDE29CC945700A317DA /* ImagePicker.swift */; };
		BEC69FE329CE815C00A317DA /* GoogleService-Info.plist in Resources */ = {isa = PBXBuildFile; fileRef = BEC69FE229CE815B00A317DA /* GoogleService-Info.plist */; };
		BEC69FE629CF94C100A317DA /* FirebaseAuth in Frameworks */ = {isa = PBXBuildFile; productRef = BEC69FE529CF94C100A317DA /* FirebaseAuth */; };
		BEC69FE829CF94C100A317DA /* FirebaseFirestore in Frameworks */ = {isa = PBXBuildFile; productRef = BEC69FE729CF94C100A317DA /* FirebaseFirestore */; };
		BEC69FEA29CF94C100A317DA /* FirebaseFunctions in Frameworks */ = {isa = PBXBuildFile; productRef = BEC69FE929CF94C100A317DA /* FirebaseFunctions */; };
		BEC69FEC29CF94C100A317DA /* FirebaseStorage in Frameworks */ = {isa = PBXBuildFile; productRef = BEC69FEB29CF94C100A317DA /* FirebaseStorage */; };
		BEC69FEE29CFE82100A317DA /* AuthViewModel.swift in Sources */ = {isa = PBXBuildFile; fileRef = BEC69FED29CFE82100A317DA /* AuthViewModel.swift */; };
		BEC69FF029D4B55A00A317DA /* User.swift in Sources */ = {isa = PBXBuildFile; fileRef = BEC69FEF29D4B55A00A317DA /* User.swift */; };
		BEC69FF329D5101100A317DA /* Kingfisher in Frameworks */ = {isa = PBXBuildFile; productRef = BEC69FF229D5101100A317DA /* Kingfisher */; };
		BEC69FF529D5165300A317DA /* SearchViewModel.swift in Sources */ = {isa = PBXBuildFile; fileRef = BEC69FF429D5165300A317DA /* SearchViewModel.swift */; };
		BEC69FF729D51A1600A317DA /* Constants.swift in Sources */ = {isa = PBXBuildFile; fileRef = BEC69FF629D51A1600A317DA /* Constants.swift */; };
		BEC69FF929D5F5FE00A317DA /* ProfileViewModel.swift in Sources */ = {isa = PBXBuildFile; fileRef = BEC69FF829D5F5FE00A317DA /* ProfileViewModel.swift */; };
		BEC69FFB29DA73C500A317DA /* UploadTweetViewModel.swift in Sources */ = {isa = PBXBuildFile; fileRef = BEC69FFA29DA73C500A317DA /* UploadTweetViewModel.swift */; };
		BEC69FFD29DB315E00A317DA /* FeedViewModel.swift in Sources */ = {isa = PBXBuildFile; fileRef = BEC69FFC29DB315E00A317DA /* FeedViewModel.swift */; };
		BEC69FFF29DB31AE00A317DA /* Tweet.swift in Sources */ = {isa = PBXBuildFile; fileRef = BEC69FFE29DB31AE00A317DA /* Tweet.swift */; };
		BEC6A00129DBC55E00A317DA /* TweetDetailView.swift in Sources */ = {isa = PBXBuildFile; fileRef = BEC6A00029DBC55E00A317DA /* TweetDetailView.swift */; };
		BEC6A00329DC5B0400A317DA /* TweetActionsView.swift in Sources */ = {isa = PBXBuildFile; fileRef = BEC6A00229DC5B0400A317DA /* TweetActionsView.swift */; };
		BEC6A00529DC8FBA00A317DA /* TweetActionViewModel.swift in Sources */ = {isa = PBXBuildFile; fileRef = BEC6A00429DC8FBA00A317DA /* TweetActionViewModel.swift */; };
/* End PBXBuildFile section */

/* Begin PBXFileReference section */
		BE03E4AA29BC1A2500F1842C /* TwitterSwiftUITutorial.app */ = {isa = PBXFileReference; explicitFileType = wrapper.application; includeInIndex = 0; path = TwitterSwiftUITutorial.app; sourceTree = BUILT_PRODUCTS_DIR; };
		BE03E4AD29BC1A2500F1842C /* TwitterSwiftUITutorialApp.swift */ = {isa = PBXFileReference; lastKnownFileType = sourcecode.swift; path = TwitterSwiftUITutorialApp.swift; sourceTree = "<group>"; };
		BE03E4AF29BC1A2500F1842C /* ContentView.swift */ = {isa = PBXFileReference; lastKnownFileType = sourcecode.swift; path = ContentView.swift; sourceTree = "<group>"; };
		BE03E4B129BC1A2800F1842C /* Assets.xcassets */ = {isa = PBXFileReference; lastKnownFileType = folder.assetcatalog; path = Assets.xcassets; sourceTree = "<group>"; };
		BE03E4B429BC1A2800F1842C /* Preview Assets.xcassets */ = {isa = PBXFileReference; lastKnownFileType = folder.assetcatalog; path = "Preview Assets.xcassets"; sourceTree = "<group>"; };
		BE03E4BE29BCC91C00F1842C /* FeedView.swift */ = {isa = PBXFileReference; lastKnownFileType = sourcecode.swift; path = FeedView.swift; sourceTree = "<group>"; };
		BE03E4C029BCD54100F1842C /* TweetCell.swift */ = {isa = PBXFileReference; lastKnownFileType = sourcecode.swift; path = TweetCell.swift; sourceTree = "<group>"; };
		BE03E4C229BCEE0400F1842C /* SearchView.swift */ = {isa = PBXFileReference; lastKnownFileType = sourcecode.swift; path = SearchView.swift; sourceTree = "<group>"; };
		BE03E4C629BCFB4300F1842C /* SearchBar.swift */ = {isa = PBXFileReference; lastKnownFileType = sourcecode.swift; path = SearchBar.swift; sourceTree = "<group>"; };
		BE03E4C829BCFE9000F1842C /* UserCell.swift */ = {isa = PBXFileReference; lastKnownFileType = sourcecode.swift; path = UserCell.swift; sourceTree = "<group>"; };
		BE03E4CB29BD2C4C00F1842C /* ConversationsView.swift */ = {isa = PBXFileReference; lastKnownFileType = sourcecode.swift; path = ConversationsView.swift; sourceTree = "<group>"; };
		BE03E4CD29BD2D7D00F1842C /* ConversationCell.swift */ = {isa = PBXFileReference; lastKnownFileType = sourcecode.swift; path = ConversationCell.swift; sourceTree = "<group>"; };
		BE03E4CF29C11B3300F1842C /* MessageInputView.swift */ = {isa = PBXFileReference; lastKnownFileType = sourcecode.swift; path = MessageInputView.swift; sourceTree = "<group>"; };
		BE03E4D129C1220200F1842C /* ChatView.swift */ = {isa = PBXFileReference; lastKnownFileType = sourcecode.swift; path = ChatView.swift; sourceTree = "<group>"; };
		BE03E4D329C1555000F1842C /* ChatBubble.swift */ = {isa = PBXFileReference; lastKnownFileType = sourcecode.swift; path = ChatBubble.swift; sourceTree = "<group>"; };
		BE03E4D529C2773000F1842C /* Message.swift */ = {isa = PBXFileReference; lastKnownFileType = sourcecode.swift; path = Message.swift; sourceTree = "<group>"; };
		BE03E4D729C2C16D00F1842C /* MessageView.swift */ = {isa = PBXFileReference; lastKnownFileType = sourcecode.swift; path = MessageView.swift; sourceTree = "<group>"; };
		BE03E4D929C416E600F1842C /* NewMessageView.swift */ = {isa = PBXFileReference; lastKnownFileType = sourcecode.swift; path = NewMessageView.swift; sourceTree = "<group>"; };
		BE03E4DC29C509AC00F1842C /* UserProfileView.swift */ = {isa = PBXFileReference; lastKnownFileType = sourcecode.swift; path = UserProfileView.swift; sourceTree = "<group>"; };
		BE03E4DE29C544CA00F1842C /* ProfileHeaderView.swift */ = {isa = PBXFileReference; lastKnownFileType = sourcecode.swift; path = ProfileHeaderView.swift; sourceTree = "<group>"; };
		BE03E4E029C5452900F1842C /* ProfileActionButtonView.swift */ = {isa = PBXFileReference; lastKnownFileType = sourcecode.swift; path = ProfileActionButtonView.swift; sourceTree = "<group>"; };
		BE03E4E229C5457D00F1842C /* FilterButtonView.swift */ = {isa = PBXFileReference; lastKnownFileType = sourcecode.swift; path = FilterButtonView.swift; sourceTree = "<group>"; };
		BE03E4E529CA3E6F00F1842C /* NewTweetView.swift */ = {isa = PBXFileReference; lastKnownFileType = sourcecode.swift; path = NewTweetView.swift; sourceTree = "<group>"; };
		BE03E4E929CA543800F1842C /* TextArea.swift */ = {isa = PBXFileReference; lastKnownFileType = sourcecode.swift; path = TextArea.swift; sourceTree = "<group>"; };
		BE03E4EC29CA725400F1842C /* LoginView.swift */ = {isa = PBXFileReference; lastKnownFileType = sourcecode.swift; path = LoginView.swift; sourceTree = "<group>"; };
		BE03E4EE29CA726500F1842C /* RegistrationView.swift */ = {isa = PBXFileReference; lastKnownFileType = sourcecode.swift; path = RegistrationView.swift; sourceTree = "<group>"; };
		BE03E4F029CA86F900F1842C /* CustomTextField.swift */ = {isa = PBXFileReference; lastKnownFileType = sourcecode.swift; path = CustomTextField.swift; sourceTree = "<group>"; };
		BE03E4F229CA94E800F1842C /* CustomSecureField.swift */ = {isa = PBXFileReference; lastKnownFileType = sourcecode.swift; path = CustomSecureField.swift; sourceTree = "<group>"; };
		BEC69FDE29CC945700A317DA /* ImagePicker.swift */ = {isa = PBXFileReference; lastKnownFileType = sourcecode.swift; path = ImagePicker.swift; sourceTree = "<group>"; };
		BEC69FE229CE815B00A317DA /* GoogleService-Info.plist */ = {isa = PBXFileReference; lastKnownFileType = text.plist; path = "GoogleService-Info.plist"; sourceTree = SOURCE_ROOT; };
		BEC69FED29CFE82100A317DA /* AuthViewModel.swift */ = {isa = PBXFileReference; lastKnownFileType = sourcecode.swift; path = AuthViewModel.swift; sourceTree = "<group>"; };
		BEC69FEF29D4B55A00A317DA /* User.swift */ = {isa = PBXFileReference; lastKnownFileType = sourcecode.swift; path = User.swift; sourceTree = "<group>"; };
		BEC69FF429D5165300A317DA /* SearchViewModel.swift */ = {isa = PBXFileReference; lastKnownFileType = sourcecode.swift; path = SearchViewModel.swift; sourceTree = "<group>"; };
		BEC69FF629D51A1600A317DA /* Constants.swift */ = {isa = PBXFileReference; lastKnownFileType = sourcecode.swift; path = Constants.swift; sourceTree = "<group>"; };
		BEC69FF829D5F5FE00A317DA /* ProfileViewModel.swift */ = {isa = PBXFileReference; lastKnownFileType = sourcecode.swift; path = ProfileViewModel.swift; sourceTree = "<group>"; };
		BEC69FFA29DA73C500A317DA /* UploadTweetViewModel.swift */ = {isa = PBXFileReference; lastKnownFileType = sourcecode.swift; path = UploadTweetViewModel.swift; sourceTree = "<group>"; };
		BEC69FFC29DB315E00A317DA /* FeedViewModel.swift */ = {isa = PBXFileReference; lastKnownFileType = sourcecode.swift; path = FeedViewModel.swift; sourceTree = "<group>"; };
		BEC69FFE29DB31AE00A317DA /* Tweet.swift */ = {isa = PBXFileReference; lastKnownFileType = sourcecode.swift; path = Tweet.swift; sourceTree = "<group>"; };
		BEC6A00029DBC55E00A317DA /* TweetDetailView.swift */ = {isa = PBXFileReference; lastKnownFileType = sourcecode.swift; path = TweetDetailView.swift; sourceTree = "<group>"; };
		BEC6A00229DC5B0400A317DA /* TweetActionsView.swift */ = {isa = PBXFileReference; lastKnownFileType = sourcecode.swift; path = TweetActionsView.swift; sourceTree = "<group>"; };
		BEC6A00429DC8FBA00A317DA /* TweetActionViewModel.swift */ = {isa = PBXFileReference; lastKnownFileType = sourcecode.swift; path = TweetActionViewModel.swift; sourceTree = "<group>"; };
/* End PBXFileReference section */

/* Begin PBXFrameworksBuildPhase section */
		BE03E4A729BC1A2500F1842C /* Frameworks */ = {
			isa = PBXFrameworksBuildPhase;
			buildActionMask = 2147483647;
			files = (
				BEC69FEA29CF94C100A317DA /* FirebaseFunctions in Frameworks */,
				BEC69FEC29CF94C100A317DA /* FirebaseStorage in Frameworks */,
				BEC69FE629CF94C100A317DA /* FirebaseAuth in Frameworks */,
				BEC69FE829CF94C100A317DA /* FirebaseFirestore in Frameworks */,
				BEC69FF329D5101100A317DA /* Kingfisher in Frameworks */,
			);
			runOnlyForDeploymentPostprocessing = 0;
		};
/* End PBXFrameworksBuildPhase section */

/* Begin PBXGroup section */
		BE03E4A129BC1A2500F1842C = {
			isa = PBXGroup;
			children = (
				BE03E4AC29BC1A2500F1842C /* TwitterSwiftUITutorial */,
				BE03E4AB29BC1A2500F1842C /* Products */,
			);
			sourceTree = "<group>";
		};
		BE03E4AB29BC1A2500F1842C /* Products */ = {
			isa = PBXGroup;
			children = (
				BE03E4AA29BC1A2500F1842C /* TwitterSwiftUITutorial.app */,
			);
			name = Products;
			sourceTree = "<group>";
		};
		BE03E4AC29BC1A2500F1842C /* TwitterSwiftUITutorial */ = {
			isa = PBXGroup;
			children = (
				BE03E4E729CA541500F1842C /* Utils */,
				BE03E4BD29BCC75900F1842C /* Model */,
				BE03E4BC29BCC75600F1842C /* View */,
				BE03E4BB29BCC74C00F1842C /* ViewModels */,
				BE03E4AD29BC1A2500F1842C /* TwitterSwiftUITutorialApp.swift */,
				BE03E4B129BC1A2800F1842C /* Assets.xcassets */,
				BEC69FE229CE815B00A317DA /* GoogleService-Info.plist */,
				BE03E4B329BC1A2800F1842C /* Preview Content */,
			);
			path = TwitterSwiftUITutorial;
			sourceTree = "<group>";
		};
		BE03E4B329BC1A2800F1842C /* Preview Content */ = {
			isa = PBXGroup;
			children = (
				BE03E4B429BC1A2800F1842C /* Preview Assets.xcassets */,
			);
			path = "Preview Content";
			sourceTree = "<group>";
		};
		BE03E4BB29BCC74C00F1842C /* ViewModels */ = {
			isa = PBXGroup;
			children = (
				BEC69FED29CFE82100A317DA /* AuthViewModel.swift */,
				BEC69FF429D5165300A317DA /* SearchViewModel.swift */,
				BEC69FF829D5F5FE00A317DA /* ProfileViewModel.swift */,
				BEC69FFA29DA73C500A317DA /* UploadTweetViewModel.swift */,
				BEC69FFC29DB315E00A317DA /* FeedViewModel.swift */,
				BEC6A00429DC8FBA00A317DA /* TweetActionViewModel.swift */,
			);
			path = ViewModels;
			sourceTree = "<group>";
		};
		BE03E4BC29BCC75600F1842C /* View */ = {
			isa = PBXGroup;
			children = (
				BE03E4EB29CA723F00F1842C /* Authentication */,
				BE03E4E429CA3E5100F1842C /* Tweets */,
				BE03E4DB29C5097F00F1842C /* Profile */,
				BE03E4CA29BD2C0000F1842C /* Messages */,
				BE03E4AF29BC1A2500F1842C /* ContentView.swift */,
				BE03E4BE29BCC91C00F1842C /* FeedView.swift */,
				BE03E4C029BCD54100F1842C /* TweetCell.swift */,
				BE03E4C229BCEE0400F1842C /* SearchView.swift */,
				BE03E4C629BCFB4300F1842C /* SearchBar.swift */,
				BE03E4C829BCFE9000F1842C /* UserCell.swift */,
			);
			path = View;
			sourceTree = "<group>";
		};
		BE03E4BD29BCC75900F1842C /* Model */ = {
			isa = PBXGroup;
			children = (
				BE03E4D529C2773000F1842C /* Message.swift */,
				BEC69FEF29D4B55A00A317DA /* User.swift */,
				BEC69FFE29DB31AE00A317DA /* Tweet.swift */,
			);
			path = Model;
			sourceTree = "<group>";
		};
		BE03E4CA29BD2C0000F1842C /* Messages */ = {
			isa = PBXGroup;
			children = (
				BE03E4CB29BD2C4C00F1842C /* ConversationsView.swift */,
				BE03E4CD29BD2D7D00F1842C /* ConversationCell.swift */,
				BE03E4CF29C11B3300F1842C /* MessageInputView.swift */,
				BE03E4D129C1220200F1842C /* ChatView.swift */,
				BE03E4D329C1555000F1842C /* ChatBubble.swift */,
				BE03E4D729C2C16D00F1842C /* MessageView.swift */,
				BE03E4D929C416E600F1842C /* NewMessageView.swift */,
			);
			path = Messages;
			sourceTree = "<group>";
		};
		BE03E4DB29C5097F00F1842C /* Profile */ = {
			isa = PBXGroup;
			children = (
				BE03E4DC29C509AC00F1842C /* UserProfileView.swift */,
				BE03E4DE29C544CA00F1842C /* ProfileHeaderView.swift */,
				BE03E4E029C5452900F1842C /* ProfileActionButtonView.swift */,
				BE03E4E229C5457D00F1842C /* FilterButtonView.swift */,
			);
			path = Profile;
			sourceTree = "<group>";
		};
		BE03E4E429CA3E5100F1842C /* Tweets */ = {
			isa = PBXGroup;
			children = (
				BE03E4E529CA3E6F00F1842C /* NewTweetView.swift */,
				BEC6A00029DBC55E00A317DA /* TweetDetailView.swift */,
				BEC6A00229DC5B0400A317DA /* TweetActionsView.swift */,
			);
			path = Tweets;
			sourceTree = "<group>";
		};
		BE03E4E729CA541500F1842C /* Utils */ = {
			isa = PBXGroup;
			children = (
				BE03E4E829CA542300F1842C /* Views */,
				BEC69FF629D51A1600A317DA /* Constants.swift */,
			);
			path = Utils;
			sourceTree = "<group>";
		};
		BE03E4E829CA542300F1842C /* Views */ = {
			isa = PBXGroup;
			children = (
				BE03E4E929CA543800F1842C /* TextArea.swift */,
				BE03E4F029CA86F900F1842C /* CustomTextField.swift */,
				BE03E4F229CA94E800F1842C /* CustomSecureField.swift */,
				BEC69FDE29CC945700A317DA /* ImagePicker.swift */,
			);
			path = Views;
			sourceTree = "<group>";
		};
		BE03E4EB29CA723F00F1842C /* Authentication */ = {
			isa = PBXGroup;
			children = (
				BE03E4EC29CA725400F1842C /* LoginView.swift */,
				BE03E4EE29CA726500F1842C /* RegistrationView.swift */,
			);
			path = Authentication;
			sourceTree = "<group>";
		};
/* End PBXGroup section */

/* Begin PBXNativeTarget section */
		BE03E4A929BC1A2500F1842C /* TwitterSwiftUITutorial */ = {
			isa = PBXNativeTarget;
			buildConfigurationList = BE03E4B829BC1A2800F1842C /* Build configuration list for PBXNativeTarget "TwitterSwiftUITutorial" */;
			buildPhases = (
				BE03E4A629BC1A2500F1842C /* Sources */,
				BE03E4A729BC1A2500F1842C /* Frameworks */,
				BE03E4A829BC1A2500F1842C /* Resources */,
			);
			buildRules = (
			);
			dependencies = (
			);
			name = TwitterSwiftUITutorial;
			packageProductDependencies = (
				BEC69FE529CF94C100A317DA /* FirebaseAuth */,
				BEC69FE729CF94C100A317DA /* FirebaseFirestore */,
				BEC69FE929CF94C100A317DA /* FirebaseFunctions */,
				BEC69FEB29CF94C100A317DA /* FirebaseStorage */,
				BEC69FF229D5101100A317DA /* Kingfisher */,
			);
			productName = TwitterSwiftUITutorial;
			productReference = BE03E4AA29BC1A2500F1842C /* TwitterSwiftUITutorial.app */;
			productType = "com.apple.product-type.application";
		};
/* End PBXNativeTarget section */

/* Begin PBXProject section */
		BE03E4A229BC1A2500F1842C /* Project object */ = {
			isa = PBXProject;
			attributes = {
				BuildIndependentTargetsInParallel = 1;
				LastSwiftUpdateCheck = 1420;
				LastUpgradeCheck = 1420;
				TargetAttributes = {
					BE03E4A929BC1A2500F1842C = {
						CreatedOnToolsVersion = 14.2;
					};
				};
			};
			buildConfigurationList = BE03E4A529BC1A2500F1842C /* Build configuration list for PBXProject "TwitterSwiftUITutorial" */;
			compatibilityVersion = "Xcode 14.0";
			developmentRegion = en;
			hasScannedForEncodings = 0;
			knownRegions = (
				en,
				Base,
			);
			mainGroup = BE03E4A129BC1A2500F1842C;
			packageReferences = (
				BEC69FE429CF94C000A317DA /* XCRemoteSwiftPackageReference "firebase-ios-sdk" */,
				BEC69FF129D5101100A317DA /* XCRemoteSwiftPackageReference "Kingfisher" */,
			);
			productRefGroup = BE03E4AB29BC1A2500F1842C /* Products */;
			projectDirPath = "";
			projectRoot = "";
			targets = (
				BE03E4A929BC1A2500F1842C /* TwitterSwiftUITutorial */,
			);
		};
/* End PBXProject section */

/* Begin PBXResourcesBuildPhase section */
		BE03E4A829BC1A2500F1842C /* Resources */ = {
			isa = PBXResourcesBuildPhase;
			buildActionMask = 2147483647;
			files = (
				BE03E4B529BC1A2800F1842C /* Preview Assets.xcassets in Resources */,
				BE03E4B229BC1A2800F1842C /* Assets.xcassets in Resources */,
				BEC69FE329CE815C00A317DA /* GoogleService-Info.plist in Resources */,
			);
			runOnlyForDeploymentPostprocessing = 0;
		};
/* End PBXResourcesBuildPhase section */

/* Begin PBXSourcesBuildPhase section */
		BE03E4A629BC1A2500F1842C /* Sources */ = {
			isa = PBXSourcesBuildPhase;
			buildActionMask = 2147483647;
			files = (
				BE03E4C329BCEE0400F1842C /* SearchView.swift in Sources */,
				BE03E4EA29CA543800F1842C /* TextArea.swift in Sources */,
				BE03E4EF29CA726500F1842C /* RegistrationView.swift in Sources */,
				BE03E4D029C11B3300F1842C /* MessageInputView.swift in Sources */,
				BE03E4B029BC1A2500F1842C /* ContentView.swift in Sources */,
				BEC69FFF29DB31AE00A317DA /* Tweet.swift in Sources */,
				BEC69FFD29DB315E00A317DA /* FeedViewModel.swift in Sources */,
				BEC69FF729D51A1600A317DA /* Constants.swift in Sources */,
				BE03E4BF29BCC91C00F1842C /* FeedView.swift in Sources */,
				BE03E4DF29C544CA00F1842C /* ProfileHeaderView.swift in Sources */,
				BEC6A00329DC5B0400A317DA /* TweetActionsView.swift in Sources */,
				BE03E4D229C1220200F1842C /* ChatView.swift in Sources */,
				BE03E4CC29BD2C4C00F1842C /* ConversationsView.swift in Sources */,
				BE03E4ED29CA725400F1842C /* LoginView.swift in Sources */,
				BE03E4E629CA3E6F00F1842C /* NewTweetView.swift in Sources */,
				BEC69FF929D5F5FE00A317DA /* ProfileViewModel.swift in Sources */,
				BE03E4E329C5457D00F1842C /* FilterButtonView.swift in Sources */,
				BE03E4AE29BC1A2500F1842C /* TwitterSwiftUITutorialApp.swift in Sources */,
				BEC69FFB29DA73C500A317DA /* UploadTweetViewModel.swift in Sources */,
				BEC69FDF29CC945700A317DA /* ImagePicker.swift in Sources */,
				BE03E4D429C1555000F1842C /* ChatBubble.swift in Sources */,
				BEC6A00529DC8FBA00A317DA /* TweetActionViewModel.swift in Sources */,
				BE03E4C129BCD54100F1842C /* TweetCell.swift in Sources */,
				BE03E4DA29C416E600F1842C /* NewMessageView.swift in Sources */,
				BEC6A00129DBC55E00A317DA /* TweetDetailView.swift in Sources */,
				BEC69FEE29CFE82100A317DA /* AuthViewModel.swift in Sources */,
				BEC69FF529D5165300A317DA /* SearchViewModel.swift in Sources */,
				BE03E4D629C2773000F1842C /* Message.swift in Sources */,
				BE03E4DD29C509AC00F1842C /* UserProfileView.swift in Sources */,
				BEC69FF029D4B55A00A317DA /* User.swift in Sources */,
				BE03E4C729BCFB4300F1842C /* SearchBar.swift in Sources */,
				BE03E4E129C5452900F1842C /* ProfileActionButtonView.swift in Sources */,
				BE03E4F129CA86F900F1842C /* CustomTextField.swift in Sources */,
				BE03E4C929BCFE9000F1842C /* UserCell.swift in Sources */,
				BE03E4F329CA94E800F1842C /* CustomSecureField.swift in Sources */,
				BE03E4D829C2C16D00F1842C /* MessageView.swift in Sources */,
				BE03E4CE29BD2D7D00F1842C /* ConversationCell.swift in Sources */,
			);
			runOnlyForDeploymentPostprocessing = 0;
		};
/* End PBXSourcesBuildPhase section */

/* Begin XCBuildConfiguration section */
		BE03E4B629BC1A2800F1842C /* Debug */ = {
			isa = XCBuildConfiguration;
			buildSettings = {
				ALWAYS_SEARCH_USER_PATHS = NO;
				CLANG_ANALYZER_NONNULL = YES;
				CLANG_ANALYZER_NUMBER_OBJECT_CONVERSION = YES_AGGRESSIVE;
				CLANG_CXX_LANGUAGE_STANDARD = "gnu++20";
				CLANG_ENABLE_MODULES = YES;
				CLANG_ENABLE_OBJC_ARC = YES;
				CLANG_ENABLE_OBJC_WEAK = YES;
				CLANG_WARN_BLOCK_CAPTURE_AUTORELEASING = YES;
				CLANG_WARN_BOOL_CONVERSION = YES;
				CLANG_WARN_COMMA = YES;
				CLANG_WARN_CONSTANT_CONVERSION = YES;
				CLANG_WARN_DEPRECATED_OBJC_IMPLEMENTATIONS = YES;
				CLANG_WARN_DIRECT_OBJC_ISA_USAGE = YES_ERROR;
				CLANG_WARN_DOCUMENTATION_COMMENTS = YES;
				CLANG_WARN_EMPTY_BODY = YES;
				CLANG_WARN_ENUM_CONVERSION = YES;
				CLANG_WARN_INFINITE_RECURSION = YES;
				CLANG_WARN_INT_CONVERSION = YES;
				CLANG_WARN_NON_LITERAL_NULL_CONVERSION = YES;
				CLANG_WARN_OBJC_IMPLICIT_RETAIN_SELF = YES;
				CLANG_WARN_OBJC_LITERAL_CONVERSION = YES;
				CLANG_WARN_OBJC_ROOT_CLASS = YES_ERROR;
				CLANG_WARN_QUOTED_INCLUDE_IN_FRAMEWORK_HEADER = YES;
				CLANG_WARN_RANGE_LOOP_ANALYSIS = YES;
				CLANG_WARN_STRICT_PROTOTYPES = YES;
				CLANG_WARN_SUSPICIOUS_MOVE = YES;
				CLANG_WARN_UNGUARDED_AVAILABILITY = YES_AGGRESSIVE;
				CLANG_WARN_UNREACHABLE_CODE = YES;
				CLANG_WARN__DUPLICATE_METHOD_MATCH = YES;
				COPY_PHASE_STRIP = NO;
				DEBUG_INFORMATION_FORMAT = dwarf;
				ENABLE_STRICT_OBJC_MSGSEND = YES;
				ENABLE_TESTABILITY = YES;
				GCC_C_LANGUAGE_STANDARD = gnu11;
				GCC_DYNAMIC_NO_PIC = NO;
				GCC_NO_COMMON_BLOCKS = YES;
				GCC_OPTIMIZATION_LEVEL = 0;
				GCC_PREPROCESSOR_DEFINITIONS = (
					"DEBUG=1",
					"$(inherited)",
				);
				GCC_WARN_64_TO_32_BIT_CONVERSION = YES;
				GCC_WARN_ABOUT_RETURN_TYPE = YES_ERROR;
				GCC_WARN_UNDECLARED_SELECTOR = YES;
				GCC_WARN_UNINITIALIZED_AUTOS = YES_AGGRESSIVE;
				GCC_WARN_UNUSED_FUNCTION = YES;
				GCC_WARN_UNUSED_VARIABLE = YES;
				IPHONEOS_DEPLOYMENT_TARGET = 16.2;
				MTL_ENABLE_DEBUG_INFO = INCLUDE_SOURCE;
				MTL_FAST_MATH = YES;
				ONLY_ACTIVE_ARCH = YES;
				SDKROOT = iphoneos;
				SWIFT_ACTIVE_COMPILATION_CONDITIONS = DEBUG;
				SWIFT_OPTIMIZATION_LEVEL = "-Onone";
			};
			name = Debug;
		};
		BE03E4B729BC1A2800F1842C /* Release */ = {
			isa = XCBuildConfiguration;
			buildSettings = {
				ALWAYS_SEARCH_USER_PATHS = NO;
				CLANG_ANALYZER_NONNULL = YES;
				CLANG_ANALYZER_NUMBER_OBJECT_CONVERSION = YES_AGGRESSIVE;
				CLANG_CXX_LANGUAGE_STANDARD = "gnu++20";
				CLANG_ENABLE_MODULES = YES;
				CLANG_ENABLE_OBJC_ARC = YES;
				CLANG_ENABLE_OBJC_WEAK = YES;
				CLANG_WARN_BLOCK_CAPTURE_AUTORELEASING = YES;
				CLANG_WARN_BOOL_CONVERSION = YES;
				CLANG_WARN_COMMA = YES;
				CLANG_WARN_CONSTANT_CONVERSION = YES;
				CLANG_WARN_DEPRECATED_OBJC_IMPLEMENTATIONS = YES;
				CLANG_WARN_DIRECT_OBJC_ISA_USAGE = YES_ERROR;
				CLANG_WARN_DOCUMENTATION_COMMENTS = YES;
				CLANG_WARN_EMPTY_BODY = YES;
				CLANG_WARN_ENUM_CONVERSION = YES;
				CLANG_WARN_INFINITE_RECURSION = YES;
				CLANG_WARN_INT_CONVERSION = YES;
				CLANG_WARN_NON_LITERAL_NULL_CONVERSION = YES;
				CLANG_WARN_OBJC_IMPLICIT_RETAIN_SELF = YES;
				CLANG_WARN_OBJC_LITERAL_CONVERSION = YES;
				CLANG_WARN_OBJC_ROOT_CLASS = YES_ERROR;
				CLANG_WARN_QUOTED_INCLUDE_IN_FRAMEWORK_HEADER = YES;
				CLANG_WARN_RANGE_LOOP_ANALYSIS = YES;
				CLANG_WARN_STRICT_PROTOTYPES = YES;
				CLANG_WARN_SUSPICIOUS_MOVE = YES;
				CLANG_WARN_UNGUARDED_AVAILABILITY = YES_AGGRESSIVE;
				CLANG_WARN_UNREACHABLE_CODE = YES;
				CLANG_WARN__DUPLICATE_METHOD_MATCH = YES;
				COPY_PHASE_STRIP = NO;
				DEBUG_INFORMATION_FORMAT = "dwarf-with-dsym";
				ENABLE_NS_ASSERTIONS = NO;
				ENABLE_STRICT_OBJC_MSGSEND = YES;
				GCC_C_LANGUAGE_STANDARD = gnu11;
				GCC_NO_COMMON_BLOCKS = YES;
				GCC_WARN_64_TO_32_BIT_CONVERSION = YES;
				GCC_WARN_ABOUT_RETURN_TYPE = YES_ERROR;
				GCC_WARN_UNDECLARED_SELECTOR = YES;
				GCC_WARN_UNINITIALIZED_AUTOS = YES_AGGRESSIVE;
				GCC_WARN_UNUSED_FUNCTION = YES;
				GCC_WARN_UNUSED_VARIABLE = YES;
				IPHONEOS_DEPLOYMENT_TARGET = 16.2;
				MTL_ENABLE_DEBUG_INFO = NO;
				MTL_FAST_MATH = YES;
				SDKROOT = iphoneos;
				SWIFT_COMPILATION_MODE = wholemodule;
				SWIFT_OPTIMIZATION_LEVEL = "-O";
				VALIDATE_PRODUCT = YES;
			};
			name = Release;
		};
		BE03E4B929BC1A2800F1842C /* Debug */ = {
			isa = XCBuildConfiguration;
			buildSettings = {
				ASSETCATALOG_COMPILER_APPICON_NAME = AppIcon;
				ASSETCATALOG_COMPILER_GLOBAL_ACCENT_COLOR_NAME = AccentColor;
				CODE_SIGN_STYLE = Automatic;
				CURRENT_PROJECT_VERSION = 1;
				DEVELOPMENT_ASSET_PATHS = "\"TwitterSwiftUITutorial/Preview Content\"";
				DEVELOPMENT_TEAM = 324Y82FCZ3;
				ENABLE_PREVIEWS = YES;
				GENERATE_INFOPLIST_FILE = YES;
				INFOPLIST_KEY_UIApplicationSceneManifest_Generation = YES;
				INFOPLIST_KEY_UIApplicationSupportsIndirectInputEvents = YES;
				INFOPLIST_KEY_UILaunchScreen_Generation = YES;
				INFOPLIST_KEY_UISupportedInterfaceOrientations_iPad = "UIInterfaceOrientationPortrait UIInterfaceOrientationPortraitUpsideDown UIInterfaceOrientationLandscapeLeft UIInterfaceOrientationLandscapeRight";
				INFOPLIST_KEY_UISupportedInterfaceOrientations_iPhone = "UIInterfaceOrientationPortrait UIInterfaceOrientationLandscapeLeft UIInterfaceOrientationLandscapeRight";
				LD_RUNPATH_SEARCH_PATHS = (
					"$(inherited)",
					"@executable_path/Frameworks",
				);
				MARKETING_VERSION = 1.0;
				PRODUCT_BUNDLE_IDENTIFIER = com.josegarcia.TwitterSwiftUITutorial;
				PRODUCT_NAME = "$(TARGET_NAME)";
				SWIFT_EMIT_LOC_STRINGS = YES;
				SWIFT_VERSION = 5.0;
				TARGETED_DEVICE_FAMILY = "1,2";
			};
			name = Debug;
		};
		BE03E4BA29BC1A2800F1842C /* Release */ = {
			isa = XCBuildConfiguration;
			buildSettings = {
				ASSETCATALOG_COMPILER_APPICON_NAME = AppIcon;
				ASSETCATALOG_COMPILER_GLOBAL_ACCENT_COLOR_NAME = AccentColor;
				CODE_SIGN_STYLE = Automatic;
				CURRENT_PROJECT_VERSION = 1;
				DEVELOPMENT_ASSET_PATHS = "\"TwitterSwiftUITutorial/Preview Content\"";
				DEVELOPMENT_TEAM = 324Y82FCZ3;
				ENABLE_PREVIEWS = YES;
				GENERATE_INFOPLIST_FILE = YES;
				INFOPLIST_KEY_UIApplicationSceneManifest_Generation = YES;
				INFOPLIST_KEY_UIApplicationSupportsIndirectInputEvents = YES;
				INFOPLIST_KEY_UILaunchScreen_Generation = YES;
				INFOPLIST_KEY_UISupportedInterfaceOrientations_iPad = "UIInterfaceOrientationPortrait UIInterfaceOrientationPortraitUpsideDown UIInterfaceOrientationLandscapeLeft UIInterfaceOrientationLandscapeRight";
				INFOPLIST_KEY_UISupportedInterfaceOrientations_iPhone = "UIInterfaceOrientationPortrait UIInterfaceOrientationLandscapeLeft UIInterfaceOrientationLandscapeRight";
				LD_RUNPATH_SEARCH_PATHS = (
					"$(inherited)",
					"@executable_path/Frameworks",
				);
				MARKETING_VERSION = 1.0;
				PRODUCT_BUNDLE_IDENTIFIER = com.josegarcia.TwitterSwiftUITutorial;
				PRODUCT_NAME = "$(TARGET_NAME)";
				SWIFT_EMIT_LOC_STRINGS = YES;
				SWIFT_VERSION = 5.0;
				TARGETED_DEVICE_FAMILY = "1,2";
			};
			name = Release;
		};
/* End XCBuildConfiguration section */

/* Begin XCConfigurationList section */
		BE03E4A529BC1A2500F1842C /* Build configuration list for PBXProject "TwitterSwiftUITutorial" */ = {
			isa = XCConfigurationList;
			buildConfigurations = (
				BE03E4B629BC1A2800F1842C /* Debug */,
				BE03E4B729BC1A2800F1842C /* Release */,
			);
			defaultConfigurationIsVisible = 0;
			defaultConfigurationName = Release;
		};
		BE03E4B829BC1A2800F1842C /* Build configuration list for PBXNativeTarget "TwitterSwiftUITutorial" */ = {
			isa = XCConfigurationList;
			buildConfigurations = (
				BE03E4B929BC1A2800F1842C /* Debug */,
				BE03E4BA29BC1A2800F1842C /* Release */,
			);
			defaultConfigurationIsVisible = 0;
			defaultConfigurationName = Release;
		};
/* End XCConfigurationList section */

/* Begin XCRemoteSwiftPackageReference section */
		BEC69FE429CF94C000A317DA /* XCRemoteSwiftPackageReference "firebase-ios-sdk" */ = {
			isa = XCRemoteSwiftPackageReference;
			repositoryURL = "https://github.com/firebase/firebase-ios-sdk";
			requirement = {
				kind = upToNextMajorVersion;
				minimumVersion = 9.0.0;
			};
		};
		BEC69FF129D5101100A317DA /* XCRemoteSwiftPackageReference "Kingfisher" */ = {
			isa = XCRemoteSwiftPackageReference;
			repositoryURL = "https://github.com/onevcat/Kingfisher.git";
			requirement = {
				kind = upToNextMajorVersion;
				minimumVersion = 7.0.0;
			};
		};
/* End XCRemoteSwiftPackageReference section */

/* Begin XCSwiftPackageProductDependency section */
		BEC69FE529CF94C100A317DA /* FirebaseAuth */ = {
			isa = XCSwiftPackageProductDependency;
			package = BEC69FE429CF94C000A317DA /* XCRemoteSwiftPackageReference "firebase-ios-sdk" */;
			productName = FirebaseAuth;
		};
		BEC69FE729CF94C100A317DA /* FirebaseFirestore */ = {
			isa = XCSwiftPackageProductDependency;
			package = BEC69FE429CF94C000A317DA /* XCRemoteSwiftPackageReference "firebase-ios-sdk" */;
			productName = FirebaseFirestore;
		};
		BEC69FE929CF94C100A317DA /* FirebaseFunctions */ = {
			isa = XCSwiftPackageProductDependency;
			package = BEC69FE429CF94C000A317DA /* XCRemoteSwiftPackageReference "firebase-ios-sdk" */;
			productName = FirebaseFunctions;
		};
		BEC69FEB29CF94C100A317DA /* FirebaseStorage */ = {
			isa = XCSwiftPackageProductDependency;
			package = BEC69FE429CF94C000A317DA /* XCRemoteSwiftPackageReference "firebase-ios-sdk" */;
			productName = FirebaseStorage;
		};
		BEC69FF229D5101100A317DA /* Kingfisher */ = {
			isa = XCSwiftPackageProductDependency;
			package = BEC69FF129D5101100A317DA /* XCRemoteSwiftPackageReference "Kingfisher" */;
			productName = Kingfisher;
		};
/* End XCSwiftPackageProductDependency section */
	};
	rootObject = BE03E4A229BC1A2500F1842C /* Project object */;
}
